{
  "name": "es5-main",
  "version": "0.1.0",
  "lockfileVersion": 2,
  "requires": true,
  "packages": {
    "": {
      "name": "es5-main",
      "version": "0.1.0",
      "dependencies": {
        "es5-package": "file:../imported-packages/es5-package"
      }
    },
    "../es5-package": {
      "version": "0.1.0",
      "extraneous": true
    },
    "../imported-packages/es5-package": {
      "version": "0.1.0"
    },
    "node_modules/es5-package": {
      "resolved": "../imported-packages/es5-package",
      "link": true
    }
  },
  "dependencies": {
    "es5-package": {
      "version": "file:../imported-packages/es5-package"
    }
  }
}
