{
  "name": "es5-using-es6",
  "version": "0.1.0",
  "lockfileVersion": 2,
  "requires": true,
  "packages": {
    "": {
      "name": "es5-using-es6",
      "version": "0.1.0",
      "dependencies": {
        "es6-es5compat-package": "file:../included-content/es6-es5compat-package",
        "es6-package": "file:../included-content/es6-package"
      }
    },
    "../es6-es5compat-package": {
      "version": "0.1.0",
      "extraneous": true,
      "devDependencies": {
        "@babel/cli": "^7.16.7",
        "@babel/core": "^7.16.7",
        "@babel/plugin-transform-modules-commonjs": "^7.16.7"
      }
    },
    "../es6-package": {
      "name": "es5-package",
      "version": "0.1.0",
      "extraneous": true
    },
    "../included-content/es6-es5compat-package": {
      "version": "0.1.0",
      "devDependencies": {
        "@babel/cli": "^7.16.7",
        "@babel/core": "^7.16.7",
        "@babel/plugin-transform-modules-commonjs": "^7.16.7"
      }
    },
    "../included-content/es6-package": {
      "version": "0.1.0"
    },
    "node_modules/es6-es5compat-package": {
      "resolved": "../included-content/es6-es5compat-package",
      "link": true
    },
    "node_modules/es6-package": {
      "resolved": "../included-content/es6-package",
      "link": true
    }
  },
  "dependencies": {
    "es6-es5compat-package": {
      "version": "file:../included-content/es6-es5compat-package",
      "requires": {
        "@babel/cli": "^7.16.7",
        "@babel/core": "^7.16.7",
        "@babel/plugin-transform-modules-commonjs": "^7.16.7"
      }
    },
    "es6-package": {
      "version": "file:../included-content/es6-package"
    }
  }
}
